// !$*UTF8*$!
{
	archiveVersion = 1;
	classes = {
	};
	objectVersion = 46;
	objects = {

/* Begin PBXBuildFile section */
		853C06BC1E4AE7A4009B205B /* MASCompositeConstraint.m in Sources */ = {isa = PBXBuildFile; fileRef = 853C06A41E4AE7A4009B205B /* MASCompositeConstraint.m */; };
		853C06BD1E4AE7A4009B205B /* MASConstraint.m in Sources */ = {isa = PBXBuildFile; fileRef = 853C06A71E4AE7A4009B205B /* MASConstraint.m */; };
		853C06BE1E4AE7A4009B205B /* MASConstraintMaker.m in Sources */ = {isa = PBXBuildFile; fileRef = 853C06A91E4AE7A4009B205B /* MASConstraintMaker.m */; };
		853C06BF1E4AE7A4009B205B /* MASLayoutConstraint.m in Sources */ = {isa = PBXBuildFile; fileRef = 853C06AB1E4AE7A4009B205B /* MASLayoutConstraint.m */; };
		853C06C01E4AE7A4009B205B /* MASViewAttribute.m in Sources */ = {isa = PBXBuildFile; fileRef = 853C06AF1E4AE7A4009B205B /* MASViewAttribute.m */; };
		853C06C11E4AE7A4009B205B /* MASViewConstraint.m in Sources */ = {isa = PBXBuildFile; fileRef = 853C06B11E4AE7A4009B205B /* MASViewConstraint.m */; };
		853C06C21E4AE7A4009B205B /* NSArray+MASAdditions.m in Sources */ = {isa = PBXBuildFile; fileRef = 853C06B31E4AE7A4009B205B /* NSArray+MASAdditions.m */; };
		853C06C31E4AE7A4009B205B /* NSLayoutConstraint+MASDebugAdditions.m in Sources */ = {isa = PBXBuildFile; fileRef = 853C06B61E4AE7A4009B205B /* NSLayoutConstraint+MASDebugAdditions.m */; };
		853C06C41E4AE7A4009B205B /* View+MASAdditions.m in Sources */ = {isa = PBXBuildFile; fileRef = 853C06B81E4AE7A4009B205B /* View+MASAdditions.m */; };
		853C06C51E4AE7A4009B205B /* ViewController+MASAdditions.m in Sources */ = {isa = PBXBuildFile; fileRef = 853C06BB1E4AE7A4009B205B /* ViewController+MASAdditions.m */; };
		853C06C81E4B1181009B205B /* VDBeautifyCameraFooter.m in Sources */ = {isa = PBXBuildFile; fileRef = 853C06C71E4B1181009B205B /* VDBeautifyCameraFooter.m */; };
		85491FDD1E49CA160022D632 /* main.m in Sources */ = {isa = PBXBuildFile; fileRef = 85491FDC1E49CA160022D632 /* main.m */; };
		85491FE01E49CA160022D632 /* AppDelegate.m in Sources */ = {isa = PBXBuildFile; fileRef = 85491FDF1E49CA160022D632 /* AppDelegate.m */; };
		85491FE31E49CA160022D632 /* ViewController.m in Sources */ = {isa = PBXBuildFile; fileRef = 85491FE21E49CA160022D632 /* ViewController.m */; };
		85491FE61E49CA160022D632 /* Main.storyboard in Resources */ = {isa = PBXBuildFile; fileRef = 85491FE41E49CA160022D632 /* Main.storyboard */; };
		85491FE81E49CA160022D632 /* Assets.xcassets in Resources */ = {isa = PBXBuildFile; fileRef = 85491FE71E49CA160022D632 /* Assets.xcassets */; };
		85491FEB1E49CA160022D632 /* LaunchScreen.storyboard in Resources */ = {isa = PBXBuildFile; fileRef = 85491FE91E49CA160022D632 /* LaunchScreen.storyboard */; };
		85491FF81E49CAD70022D632 /* VDBeautifyCameraManager.m in Sources */ = {isa = PBXBuildFile; fileRef = 85491FF71E49CAD70022D632 /* VDBeautifyCameraManager.m */; };
		8570E6C91E519B840086E95B /* VDFilterListCell.m in Sources */ = {isa = PBXBuildFile; fileRef = 8570E6C81E519B840086E95B /* VDFilterListCell.m */; };
		857A801E1E4C1E3E00CD6D93 /* UIImage+Extension.m in Sources */ = {isa = PBXBuildFile; fileRef = 857A801B1E4C1E3E00CD6D93 /* UIImage+Extension.m */; };
		857A801F1E4C1E3E00CD6D93 /* VDCameraAndPhotoTool.m in Sources */ = {isa = PBXBuildFile; fileRef = 857A801D1E4C1E3E00CD6D93 /* VDCameraAndPhotoTool.m */; };
		85D709081E5158410086BF3B /* VDFilterChooseTool.m in Sources */ = {isa = PBXBuildFile; fileRef = 85D709071E5158410086BF3B /* VDFilterChooseTool.m */; };
		85D7090B1E5164310086BF3B /* VDBeautifyPhotoViewController.m in Sources */ = {isa = PBXBuildFile; fileRef = 85D7090A1E5164310086BF3B /* VDBeautifyPhotoViewController.m */; };
		85D7090E1E51659A0086BF3B /* VDBeautifyPhotoView.m in Sources */ = {isa = PBXBuildFile; fileRef = 85D7090D1E51659A0086BF3B /* VDBeautifyPhotoView.m */; };
/* End PBXBuildFile section */

/* Begin PBXFileReference section */
		853C06A31E4AE7A4009B205B /* MASCompositeConstraint.h */ = {isa = PBXFileReference; fileEncoding = 4; lastKnownFileType = sourcecode.c.h; path = MASCompositeConstraint.h; sourceTree = "<group>"; };
		853C06A41E4AE7A4009B205B /* MASCompositeConstraint.m */ = {isa = PBXFileReference; fileEncoding = 4; lastKnownFileType = sourcecode.c.objc; path = MASCompositeConstraint.m; sourceTree = "<group>"; };
		853C06A51E4AE7A4009B205B /* MASConstraint+Private.h */ = {isa = PBXFileReference; fileEncoding = 4; lastKnownFileType = sourcecode.c.h; path = "MASConstraint+Private.h"; sourceTree = "<group>"; };
		853C06A61E4AE7A4009B205B /* MASConstraint.h */ = {isa = PBXFileReference; fileEncoding = 4; lastKnownFileType = sourcecode.c.h; path = MASConstraint.h; sourceTree = "<group>"; };
		853C06A71E4AE7A4009B205B /* MASConstraint.m */ = {isa = PBXFileReference; fileEncoding = 4; lastKnownFileType = sourcecode.c.objc; path = MASConstraint.m; sourceTree = "<group>"; };
		853C06A81E4AE7A4009B205B /* MASConstraintMaker.h */ = {isa = PBXFileReference; fileEncoding = 4; lastKnownFileType = sourcecode.c.h; path = MASConstraintMaker.h; sourceTree = "<group>"; };
		853C06A91E4AE7A4009B205B /* MASConstraintMaker.m */ = {isa = PBXFileReference; fileEncoding = 4; lastKnownFileType = sourcecode.c.objc; path = MASConstraintMaker.m; sourceTree = "<group>"; };
		853C06AA1E4AE7A4009B205B /* MASLayoutConstraint.h */ = {isa = PBXFileReference; fileEncoding = 4; lastKnownFileType = sourcecode.c.h; path = MASLayoutConstraint.h; sourceTree = "<group>"; };
		853C06AB1E4AE7A4009B205B /* MASLayoutConstraint.m */ = {isa = PBXFileReference; fileEncoding = 4; lastKnownFileType = sourcecode.c.objc; path = MASLayoutConstraint.m; sourceTree = "<group>"; };
		853C06AC1E4AE7A4009B205B /* Masonry.h */ = {isa = PBXFileReference; fileEncoding = 4; lastKnownFileType = sourcecode.c.h; path = Masonry.h; sourceTree = "<group>"; };
		853C06AD1E4AE7A4009B205B /* MASUtilities.h */ = {isa = PBXFileReference; fileEncoding = 4; lastKnownFileType = sourcecode.c.h; path = MASUtilities.h; sourceTree = "<group>"; };
		853C06AE1E4AE7A4009B205B /* MASViewAttribute.h */ = {isa = PBXFileReference; fileEncoding = 4; lastKnownFileType = sourcecode.c.h; path = MASViewAttribute.h; sourceTree = "<group>"; };
		853C06AF1E4AE7A4009B205B /* MASViewAttribute.m */ = {isa = PBXFileReference; fileEncoding = 4; lastKnownFileType = sourcecode.c.objc; path = MASViewAttribute.m; sourceTree = "<group>"; };
		853C06B01E4AE7A4009B205B /* MASViewConstraint.h */ = {isa = PBXFileReference; fileEncoding = 4; lastKnownFileType = sourcecode.c.h; path = MASViewConstraint.h; sourceTree = "<group>"; };
		853C06B11E4AE7A4009B205B /* MASViewConstraint.m */ = {isa = PBXFileReference; fileEncoding = 4; lastKnownFileType = sourcecode.c.objc; path = MASViewConstraint.m; sourceTree = "<group>"; };
		853C06B21E4AE7A4009B205B /* NSArray+MASAdditions.h */ = {isa = PBXFileReference; fileEncoding = 4; lastKnownFileType = sourcecode.c.h; path = "NSArray+MASAdditions.h"; sourceTree = "<group>"; };
		853C06B31E4AE7A4009B205B /* NSArray+MASAdditions.m */ = {isa = PBXFileReference; fileEncoding = 4; lastKnownFileType = sourcecode.c.objc; path = "NSArray+MASAdditions.m"; sourceTree = "<group>"; };
		853C06B41E4AE7A4009B205B /* NSArray+MASShorthandAdditions.h */ = {isa = PBXFileReference; fileEncoding = 4; lastKnownFileType = sourcecode.c.h; path = "NSArray+MASShorthandAdditions.h"; sourceTree = "<group>"; };
		853C06B51E4AE7A4009B205B /* NSLayoutConstraint+MASDebugAdditions.h */ = {isa = PBXFileReference; fileEncoding = 4; lastKnownFileType = sourcecode.c.h; path = "NSLayoutConstraint+MASDebugAdditions.h"; sourceTree = "<group>"; };
		853C06B61E4AE7A4009B205B /* NSLayoutConstraint+MASDebugAdditions.m */ = {isa = PBXFileReference; fileEncoding = 4; lastKnownFileType = sourcecode.c.objc; path = "NSLayoutConstraint+MASDebugAdditions.m"; sourceTree = "<group>"; };
		853C06B71E4AE7A4009B205B /* View+MASAdditions.h */ = {isa = PBXFileReference; fileEncoding = 4; lastKnownFileType = sourcecode.c.h; path = "View+MASAdditions.h"; sourceTree = "<group>"; };
		853C06B81E4AE7A4009B205B /* View+MASAdditions.m */ = {isa = PBXFileReference; fileEncoding = 4; lastKnownFileType = sourcecode.c.objc; path = "View+MASAdditions.m"; sourceTree = "<group>"; };
		853C06B91E4AE7A4009B205B /* View+MASShorthandAdditions.h */ = {isa = PBXFileReference; fileEncoding = 4; lastKnownFileType = sourcecode.c.h; path = "View+MASShorthandAdditions.h"; sourceTree = "<group>"; };
		853C06BA1E4AE7A4009B205B /* ViewController+MASAdditions.h */ = {isa = PBXFileReference; fileEncoding = 4; lastKnownFileType = sourcecode.c.h; path = "ViewController+MASAdditions.h"; sourceTree = "<group>"; };
		853C06BB1E4AE7A4009B205B /* ViewController+MASAdditions.m */ = {isa = PBXFileReference; fileEncoding = 4; lastKnownFileType = sourcecode.c.objc; path = "ViewController+MASAdditions.m"; sourceTree = "<group>"; };
		853C06C61E4B1181009B205B /* VDBeautifyCameraFooter.h */ = {isa = PBXFileReference; fileEncoding = 4; lastKnownFileType = sourcecode.c.h; path = VDBeautifyCameraFooter.h; sourceTree = "<group>"; };
		853C06C71E4B1181009B205B /* VDBeautifyCameraFooter.m */ = {isa = PBXFileReference; fileEncoding = 4; lastKnownFileType = sourcecode.c.objc; path = VDBeautifyCameraFooter.m; sourceTree = "<group>"; };
		85491FD81E49CA160022D632 /* VDBeautifyCameraDemo.app */ = {isa = PBXFileReference; explicitFileType = wrapper.application; includeInIndex = 0; path = VDBeautifyCameraDemo.app; sourceTree = BUILT_PRODUCTS_DIR; };
		85491FDC1E49CA160022D632 /* main.m */ = {isa = PBXFileReference; lastKnownFileType = sourcecode.c.objc; path = main.m; sourceTree = "<group>"; };
		85491FDE1E49CA160022D632 /* AppDelegate.h */ = {isa = PBXFileReference; lastKnownFileType = sourcecode.c.h; path = AppDelegate.h; sourceTree = "<group>"; };
		85491FDF1E49CA160022D632 /* AppDelegate.m */ = {isa = PBXFileReference; lastKnownFileType = sourcecode.c.objc; path = AppDelegate.m; sourceTree = "<group>"; };
		85491FE11E49CA160022D632 /* ViewController.h */ = {isa = PBXFileReference; lastKnownFileType = sourcecode.c.h; path = ViewController.h; sourceTree = "<group>"; };
		85491FE21E49CA160022D632 /* ViewController.m */ = {isa = PBXFileReference; lastKnownFileType = sourcecode.c.objc; path = ViewController.m; sourceTree = "<group>"; };
		85491FE51E49CA160022D632 /* Base */ = {isa = PBXFileReference; lastKnownFileType = file.storyboard; name = Base; path = Base.lproj/Main.storyboard; sourceTree = "<group>"; };
		85491FE71E49CA160022D632 /* Assets.xcassets */ = {isa = PBXFileReference; lastKnownFileType = folder.assetcatalog; path = Assets.xcassets; sourceTree = "<group>"; };
		85491FEA1E49CA160022D632 /* Base */ = {isa = PBXFileReference; lastKnownFileType = file.storyboard; name = Base; path = Base.lproj/LaunchScreen.storyboard; sourceTree = "<group>"; };
		85491FEC1E49CA160022D632 /* Info.plist */ = {isa = PBXFileReference; lastKnownFileType = text.plist.xml; path = Info.plist; sourceTree = "<group>"; };
		85491FF61E49CAD70022D632 /* VDBeautifyCameraManager.h */ = {isa = PBXFileReference; fileEncoding = 4; lastKnownFileType = sourcecode.c.h; path = VDBeautifyCameraManager.h; sourceTree = "<group>"; };
		85491FF71E49CAD70022D632 /* VDBeautifyCameraManager.m */ = {isa = PBXFileReference; fileEncoding = 4; lastKnownFileType = sourcecode.c.objc; path = VDBeautifyCameraManager.m; sourceTree = "<group>"; };
		8570E6C71E519B840086E95B /* VDFilterListCell.h */ = {isa = PBXFileReference; fileEncoding = 4; lastKnownFileType = sourcecode.c.h; path = VDFilterListCell.h; sourceTree = "<group>"; };
		8570E6C81E519B840086E95B /* VDFilterListCell.m */ = {isa = PBXFileReference; fileEncoding = 4; lastKnownFileType = sourcecode.c.objc; path = VDFilterListCell.m; sourceTree = "<group>"; };
		857A801A1E4C1E3E00CD6D93 /* UIImage+Extension.h */ = {isa = PBXFileReference; fileEncoding = 4; lastKnownFileType = sourcecode.c.h; path = "UIImage+Extension.h"; sourceTree = "<group>"; };
		857A801B1E4C1E3E00CD6D93 /* UIImage+Extension.m */ = {isa = PBXFileReference; fileEncoding = 4; lastKnownFileType = sourcecode.c.objc; path = "UIImage+Extension.m"; sourceTree = "<group>"; };
		857A801C1E4C1E3E00CD6D93 /* VDCameraAndPhotoTool.h */ = {isa = PBXFileReference; fileEncoding = 4; lastKnownFileType = sourcecode.c.h; path = VDCameraAndPhotoTool.h; sourceTree = "<group>"; };
		857A801D1E4C1E3E00CD6D93 /* VDCameraAndPhotoTool.m */ = {isa = PBXFileReference; fileEncoding = 4; lastKnownFileType = sourcecode.c.objc; path = VDCameraAndPhotoTool.m; sourceTree = "<group>"; };
		85D709061E5158410086BF3B /* VDFilterChooseTool.h */ = {isa = PBXFileReference; fileEncoding = 4; lastKnownFileType = sourcecode.c.h; path = VDFilterChooseTool.h; sourceTree = "<group>"; };
		85D709071E5158410086BF3B /* VDFilterChooseTool.m */ = {isa = PBXFileReference; fileEncoding = 4; lastKnownFileType = sourcecode.c.objc; path = VDFilterChooseTool.m; sourceTree = "<group>"; };
		85D709091E5164310086BF3B /* VDBeautifyPhotoViewController.h */ = {isa = PBXFileReference; fileEncoding = 4; lastKnownFileType = sourcecode.c.h; path = VDBeautifyPhotoViewController.h; sourceTree = "<group>"; };
		85D7090A1E5164310086BF3B /* VDBeautifyPhotoViewController.m */ = {isa = PBXFileReference; fileEncoding = 4; lastKnownFileType = sourcecode.c.objc; path = VDBeautifyPhotoViewController.m; sourceTree = "<group>"; };
		85D7090C1E51659A0086BF3B /* VDBeautifyPhotoView.h */ = {isa = PBXFileReference; fileEncoding = 4; lastKnownFileType = sourcecode.c.h; path = VDBeautifyPhotoView.h; sourceTree = "<group>"; };
		85D7090D1E51659A0086BF3B /* VDBeautifyPhotoView.m */ = {isa = PBXFileReference; fileEncoding = 4; lastKnownFileType = sourcecode.c.objc; path = VDBeautifyPhotoView.m; sourceTree = "<group>"; };
/* End PBXFileReference section */

/* Begin PBXFrameworksBuildPhase section */
		85491FD51E49CA160022D632 /* Frameworks */ = {
			isa = PBXFrameworksBuildPhase;
			buildActionMask = 2147483647;
			files = (
			);
			runOnlyForDeploymentPostprocessing = 0;
		};
/* End PBXFrameworksBuildPhase section */

/* Begin PBXGroup section */
		853C06A21E4AE7A4009B205B /* Masonry */ = {
			isa = PBXGroup;
			children = (
				853C06A31E4AE7A4009B205B /* MASCompositeConstraint.h */,
				853C06A41E4AE7A4009B205B /* MASCompositeConstraint.m */,
				853C06A51E4AE7A4009B205B /* MASConstraint+Private.h */,
				853C06A61E4AE7A4009B205B /* MASConstraint.h */,
				853C06A71E4AE7A4009B205B /* MASConstraint.m */,
				853C06A81E4AE7A4009B205B /* MASConstraintMaker.h */,
				853C06A91E4AE7A4009B205B /* MASConstraintMaker.m */,
				853C06AA1E4AE7A4009B205B /* MASLayoutConstraint.h */,
				853C06AB1E4AE7A4009B205B /* MASLayoutConstraint.m */,
				853C06AC1E4AE7A4009B205B /* Masonry.h */,
				853C06AD1E4AE7A4009B205B /* MASUtilities.h */,
				853C06AE1E4AE7A4009B205B /* MASViewAttribute.h */,
				853C06AF1E4AE7A4009B205B /* MASViewAttribute.m */,
				853C06B01E4AE7A4009B205B /* MASViewConstraint.h */,
				853C06B11E4AE7A4009B205B /* MASViewConstraint.m */,
				853C06B21E4AE7A4009B205B /* NSArray+MASAdditions.h */,
				853C06B31E4AE7A4009B205B /* NSArray+MASAdditions.m */,
				853C06B41E4AE7A4009B205B /* NSArray+MASShorthandAdditions.h */,
				853C06B51E4AE7A4009B205B /* NSLayoutConstraint+MASDebugAdditions.h */,
				853C06B61E4AE7A4009B205B /* NSLayoutConstraint+MASDebugAdditions.m */,
				853C06B71E4AE7A4009B205B /* View+MASAdditions.h */,
				853C06B81E4AE7A4009B205B /* View+MASAdditions.m */,
				853C06B91E4AE7A4009B205B /* View+MASShorthandAdditions.h */,
				853C06BA1E4AE7A4009B205B /* ViewController+MASAdditions.h */,
				853C06BB1E4AE7A4009B205B /* ViewController+MASAdditions.m */,
			);
			path = Masonry;
			sourceTree = "<group>";
		};
		85491FCF1E49CA160022D632 = {
			isa = PBXGroup;
			children = (
				85491FDA1E49CA160022D632 /* VDBeautifyCameraDemo */,
				85491FD91E49CA160022D632 /* Products */,
			);
			sourceTree = "<group>";
		};
		85491FD91E49CA160022D632 /* Products */ = {
			isa = PBXGroup;
			children = (
				85491FD81E49CA160022D632 /* VDBeautifyCameraDemo.app */,
			);
			name = Products;
			sourceTree = "<group>";
		};
		85491FDA1E49CA160022D632 /* VDBeautifyCameraDemo */ = {
			isa = PBXGroup;
			children = (
				857A80191E4C1E3E00CD6D93 /* VDCameraAndPhotoTool */,
				853C06A21E4AE7A4009B205B /* Masonry */,
				85491FF21E49CA220022D632 /* VDBeautifyCamera */,
				85491FDE1E49CA160022D632 /* AppDelegate.h */,
				85491FDF1E49CA160022D632 /* AppDelegate.m */,
				85491FE11E49CA160022D632 /* ViewController.h */,
				85491FE21E49CA160022D632 /* ViewController.m */,
				85491FE41E49CA160022D632 /* Main.storyboard */,
				85491FE71E49CA160022D632 /* Assets.xcassets */,
				85491FE91E49CA160022D632 /* LaunchScreen.storyboard */,
				85491FEC1E49CA160022D632 /* Info.plist */,
				85491FDB1E49CA160022D632 /* Supporting Files */,
			);
			path = VDBeautifyCameraDemo;
			sourceTree = "<group>";
		};
		85491FDB1E49CA160022D632 /* Supporting Files */ = {
			isa = PBXGroup;
			children = (
				85491FDC1E49CA160022D632 /* main.m */,
			);
			name = "Supporting Files";
			sourceTree = "<group>";
		};
		85491FF21E49CA220022D632 /* VDBeautifyCamera */ = {
			isa = PBXGroup;
			children = (
				85491FF61E49CAD70022D632 /* VDBeautifyCameraManager.h */,
				85491FF71E49CAD70022D632 /* VDBeautifyCameraManager.m */,
				853C06C61E4B1181009B205B /* VDBeautifyCameraFooter.h */,
				853C06C71E4B1181009B205B /* VDBeautifyCameraFooter.m */,
				85D709061E5158410086BF3B /* VDFilterChooseTool.h */,
				85D709071E5158410086BF3B /* VDFilterChooseTool.m */,
				8570E6C71E519B840086E95B /* VDFilterListCell.h */,
				8570E6C81E519B840086E95B /* VDFilterListCell.m */,
				85D709091E5164310086BF3B /* VDBeautifyPhotoViewController.h */,
				85D7090A1E5164310086BF3B /* VDBeautifyPhotoViewController.m */,
				85D7090C1E51659A0086BF3B /* VDBeautifyPhotoView.h */,
				85D7090D1E51659A0086BF3B /* VDBeautifyPhotoView.m */,
			);
			name = VDBeautifyCamera;
			sourceTree = "<group>";
		};
		857A80191E4C1E3E00CD6D93 /* VDCameraAndPhotoTool */ = {
			isa = PBXGroup;
			children = (
				857A801A1E4C1E3E00CD6D93 /* UIImage+Extension.h */,
				857A801B1E4C1E3E00CD6D93 /* UIImage+Extension.m */,
				857A801C1E4C1E3E00CD6D93 /* VDCameraAndPhotoTool.h */,
				857A801D1E4C1E3E00CD6D93 /* VDCameraAndPhotoTool.m */,
			);
			name = VDCameraAndPhotoTool;
			path = Masonry/VDCameraAndPhotoTool;
			sourceTree = "<group>";
		};
/* End PBXGroup section */

/* Begin PBXNativeTarget section */
		85491FD71E49CA160022D632 /* VDBeautifyCameraDemo */ = {
			isa = PBXNativeTarget;
			buildConfigurationList = 85491FEF1E49CA160022D632 /* Build configuration list for PBXNativeTarget "VDBeautifyCameraDemo" */;
			buildPhases = (
				85491FD41E49CA160022D632 /* Sources */,
				85491FD51E49CA160022D632 /* Frameworks */,
				85491FD61E49CA160022D632 /* Resources */,
			);
			buildRules = (
			);
			dependencies = (
			);
			name = VDBeautifyCameraDemo;
			productName = VDBeautifyCameraDemo;
			productReference = 85491FD81E49CA160022D632 /* VDBeautifyCameraDemo.app */;
			productType = "com.apple.product-type.application";
		};
/* End PBXNativeTarget section */

/* Begin PBXProject section */
		85491FD01E49CA160022D632 /* Project object */ = {
			isa = PBXProject;
			attributes = {
				LastUpgradeCheck = 0820;
				ORGANIZATIONNAME = VD;
				TargetAttributes = {
					85491FD71E49CA160022D632 = {
						CreatedOnToolsVersion = 8.2.1;
						DevelopmentTeam = GVZ46GV38V;
						ProvisioningStyle = Automatic;
					};
				};
			};
			buildConfigurationList = 85491FD31E49CA160022D632 /* Build configuration list for PBXProject "VDBeautifyCameraDemo" */;
			compatibilityVersion = "Xcode 3.2";
			developmentRegion = English;
			hasScannedForEncodings = 0;
			knownRegions = (
				en,
				Base,
			);
			mainGroup = 85491FCF1E49CA160022D632;
			productRefGroup = 85491FD91E49CA160022D632 /* Products */;
			projectDirPath = "";
			projectRoot = "";
			targets = (
				85491FD71E49CA160022D632 /* VDBeautifyCameraDemo */,
			);
		};
/* End PBXProject section */

/* Begin PBXResourcesBuildPhase section */
		85491FD61E49CA160022D632 /* Resources */ = {
			isa = PBXResourcesBuildPhase;
			buildActionMask = 2147483647;
			files = (
				85491FEB1E49CA160022D632 /* LaunchScreen.storyboard in Resources */,
				85491FE81E49CA160022D632 /* Assets.xcassets in Resources */,
				85491FE61E49CA160022D632 /* Main.storyboard in Resources */,
			);
			runOnlyForDeploymentPostprocessing = 0;
		};
/* End PBXResourcesBuildPhase section */

/* Begin PBXSourcesBuildPhase section */
		85491FD41E49CA160022D632 /* Sources */ = {
			isa = PBXSourcesBuildPhase;
			buildActionMask = 2147483647;
			files = (
				857A801F1E4C1E3E00CD6D93 /* VDCameraAndPhotoTool.m in Sources */,
				853C06BE1E4AE7A4009B205B /* MASConstraintMaker.m in Sources */,
				85D709081E5158410086BF3B /* VDFilterChooseTool.m in Sources */,
				85491FE31E49CA160022D632 /* ViewController.m in Sources */,
				85491FE01E49CA160022D632 /* AppDelegate.m in Sources */,
				853C06BD1E4AE7A4009B205B /* MASConstraint.m in Sources */,
				8570E6C91E519B840086E95B /* VDFilterListCell.m in Sources */,
				853C06C51E4AE7A4009B205B /* ViewController+MASAdditions.m in Sources */,
				853C06BF1E4AE7A4009B205B /* MASLayoutConstraint.m in Sources */,
				853C06C21E4AE7A4009B205B /* NSArray+MASAdditions.m in Sources */,
				85D7090B1E5164310086BF3B /* VDBeautifyPhotoViewController.m in Sources */,
				857A801E1E4C1E3E00CD6D93 /* UIImage+Extension.m in Sources */,
				853C06C11E4AE7A4009B205B /* MASViewConstraint.m in Sources */,
				85D7090E1E51659A0086BF3B /* VDBeautifyPhotoView.m in Sources */,
				853C06C01E4AE7A4009B205B /* MASViewAttribute.m in Sources */,
				853C06C81E4B1181009B205B /* VDBeautifyCameraFooter.m in Sources */,
				853C06C41E4AE7A4009B205B /* View+MASAdditions.m in Sources */,
				85491FDD1E49CA160022D632 /* main.m in Sources */,
				85491FF81E49CAD70022D632 /* VDBeautifyCameraManager.m in Sources */,
				853C06BC1E4AE7A4009B205B /* MASCompositeConstraint.m in Sources */,
				853C06C31E4AE7A4009B205B /* NSLayoutConstraint+MASDebugAdditions.m in Sources */,
			);
			runOnlyForDeploymentPostprocessing = 0;
		};
/* End PBXSourcesBuildPhase section */

/* Begin PBXVariantGroup section */
		85491FE41E49CA160022D632 /* Main.storyboard */ = {
			isa = PBXVariantGroup;
			children = (
				85491FE51E49CA160022D632 /* Base */,
			);
			name = Main.storyboard;
			sourceTree = "<group>";
		};
		85491FE91E49CA160022D632 /* LaunchScreen.storyboard */ = {
			isa = PBXVariantGroup;
			children = (
				85491FEA1E49CA160022D632 /* Base */,
			);
			name = LaunchScreen.storyboard;
			sourceTree = "<group>";
		};
/* End PBXVariantGroup section */

/* Begin XCBuildConfiguration section */
		85491FED1E49CA160022D632 /* Debug */ = {
			isa = XCBuildConfiguration;
			buildSettings = {
				ALWAYS_SEARCH_USER_PATHS = NO;
				CLANG_ANALYZER_NONNULL = YES;
				CLANG_CXX_LANGUAGE_STANDARD = "gnu++0x";
				CLANG_CXX_LIBRARY = "libc++";
				CLANG_ENABLE_MODULES = YES;
				CLANG_ENABLE_OBJC_ARC = YES;
				CLANG_WARN_BOOL_CONVERSION = YES;
				CLANG_WARN_CONSTANT_CONVERSION = YES;
				CLANG_WARN_DIRECT_OBJC_ISA_USAGE = YES_ERROR;
				CLANG_WARN_DOCUMENTATION_COMMENTS = YES;
				CLANG_WARN_EMPTY_BODY = YES;
				CLANG_WARN_ENUM_CONVERSION = YES;
				CLANG_WARN_INFINITE_RECURSION = YES;
				CLANG_WARN_INT_CONVERSION = YES;
				CLANG_WARN_OBJC_ROOT_CLASS = YES_ERROR;
				CLANG_WARN_SUSPICIOUS_MOVE = YES;
				CLANG_WARN_UNREACHABLE_CODE = YES;
				CLANG_WARN__DUPLICATE_METHOD_MATCH = YES;
				"CODE_SIGN_IDENTITY[sdk=iphoneos*]" = "iPhone Developer";
				COPY_PHASE_STRIP = NO;
				DEBUG_INFORMATION_FORMAT = dwarf;
				ENABLE_STRICT_OBJC_MSGSEND = YES;
				ENABLE_TESTABILITY = YES;
				GCC_C_LANGUAGE_STANDARD = gnu99;
				GCC_DYNAMIC_NO_PIC = NO;
				GCC_NO_COMMON_BLOCKS = YES;
				GCC_OPTIMIZATION_LEVEL = 0;
				GCC_PREPROCESSOR_DEFINITIONS = (
					"DEBUG=1",
					"$(inherited)",
				);
				GCC_WARN_64_TO_32_BIT_CONVERSION = YES;
				GCC_WARN_ABOUT_RETURN_TYPE = YES_ERROR;
				GCC_WARN_UNDECLARED_SELECTOR = YES;
				GCC_WARN_UNINITIALIZED_AUTOS = YES_AGGRESSIVE;
				GCC_WARN_UNUSED_FUNCTION = YES;
				GCC_WARN_UNUSED_VARIABLE = YES;
				IPHONEOS_DEPLOYMENT_TARGET = 10.2;
				MTL_ENABLE_DEBUG_INFO = YES;
				ONLY_ACTIVE_ARCH = YES;
				SDKROOT = iphoneos;
			};
			name = Debug;
		};
		85491FEE1E49CA160022D632 /* Release */ = {
			isa = XCBuildConfiguration;
			buildSettings = {
				ALWAYS_SEARCH_USER_PATHS = NO;
				CLANG_ANALYZER_NONNULL = YES;
				CLANG_CXX_LANGUAGE_STANDARD = "gnu++0x";
				CLANG_CXX_LIBRARY = "libc++";
				CLANG_ENABLE_MODULES = YES;
				CLANG_ENABLE_OBJC_ARC = YES;
				CLANG_WARN_BOOL_CONVERSION = YES;
				CLANG_WARN_CONSTANT_CONVERSION = YES;
				CLANG_WARN_DIRECT_OBJC_ISA_USAGE = YES_ERROR;
				CLANG_WARN_DOCUMENTATION_COMMENTS = YES;
				CLANG_WARN_EMPTY_BODY = YES;
				CLANG_WARN_ENUM_CONVERSION = YES;
				CLANG_WARN_INFINITE_RECURSION = YES;
				CLANG_WARN_INT_CONVERSION = YES;
				CLANG_WARN_OBJC_ROOT_CLASS = YES_ERROR;
				CLANG_WARN_SUSPICIOUS_MOVE = YES;
				CLANG_WARN_UNREACHABLE_CODE = YES;
				CLANG_WARN__DUPLICATE_METHOD_MATCH = YES;
				"CODE_SIGN_IDENTITY[sdk=iphoneos*]" = "iPhone Developer";
				COPY_PHASE_STRIP = NO;
				DEBUG_INFORMATION_FORMAT = "dwarf-with-dsym";
				ENABLE_NS_ASSERTIONS = NO;
				ENABLE_STRICT_OBJC_MSGSEND = YES;
				GCC_C_LANGUAGE_STANDARD = gnu99;
				GCC_NO_COMMON_BLOCKS = YES;
				GCC_WARN_64_TO_32_BIT_CONVERSION = YES;
				GCC_WARN_ABOUT_RETURN_TYPE = YES_ERROR;
				GCC_WARN_UNDECLARED_SELECTOR = YES;
				GCC_WARN_UNINITIALIZED_AUTOS = YES_AGGRESSIVE;
				GCC_WARN_UNUSED_FUNCTION = YES;
				GCC_WARN_UNUSED_VARIABLE = YES;
				IPHONEOS_DEPLOYMENT_TARGET = 10.2;
				MTL_ENABLE_DEBUG_INFO = NO;
				SDKROOT = iphoneos;
				VALIDATE_PRODUCT = YES;
			};
			name = Release;
		};
		85491FF01E49CA160022D632 /* Debug */ = {
			isa = XCBuildConfiguration;
			buildSettings = {
				ASSETCATALOG_COMPILER_APPICON_NAME = AppIcon;
				DEVELOPMENT_TEAM = GVZ46GV38V;
				INFOPLIST_FILE = VDBeautifyCameraDemo/Info.plist;
				IPHONEOS_DEPLOYMENT_TARGET = 8.0;
				LD_RUNPATH_SEARCH_PATHS = "$(inherited) @executable_path/Frameworks";
				PRODUCT_BUNDLE_IDENTIFIER = com.VD.VDBeautifyCameraDemo;
				PRODUCT_NAME = "$(TARGET_NAME)";
			};
			name = Debug;
		};
		85491FF11E49CA160022D632 /* Release */ = {
			isa = XCBuildConfiguration;
			buildSettings = {
				ASSETCATALOG_COMPILER_APPICON_NAME = AppIcon;
				DEVELOPMENT_TEAM = GVZ46GV38V;
				INFOPLIST_FILE = VDBeautifyCameraDemo/Info.plist;
				IPHONEOS_DEPLOYMENT_TARGET = 8.0;
				LD_RUNPATH_SEARCH_PATHS = "$(inherited) @executable_path/Frameworks";
				PRODUCT_BUNDLE_IDENTIFIER = com.VD.VDBeautifyCameraDemo;
				PRODUCT_NAME = "$(TARGET_NAME)";
			};
			name = Release;
		};
/* End XCBuildConfiguration section */

/* Begin XCConfigurationList section */
		85491FD31E49CA160022D632 /* Build configuration list for PBXProject "VDBeautifyCameraDemo" */ = {
			isa = XCConfigurationList;
			buildConfigurations = (
				85491FED1E49CA160022D632 /* Debug */,
				85491FEE1E49CA160022D632 /* Release */,
			);
			defaultConfigurationIsVisible = 0;
			defaultConfigurationName = Release;
		};
		85491FEF1E49CA160022D632 /* Build configuration list for PBXNativeTarget "VDBeautifyCameraDemo" */ = {
			isa = XCConfigurationList;
			buildConfigurations = (
				85491FF01E49CA160022D632 /* Debug */,
				85491FF11E49CA160022D632 /* Release */,
			);
			defaultConfigurationIsVisible = 0;
			defaultConfigurationName = Release;
		};
/* End XCConfigurationList section */
	};
	rootObject = 85491FD01E49CA160022D632 /* Project object */;
}
